
Microsoft Visual Studio Solution File, Format Version 12.00
# Visual Studio Version 16
VisualStudioVersion = 16.0.31205.134
MinimumVisualStudioVersion = 10.0.40219.1
Project("{FAE04EC0-301F-11D3-BF4B-00C04F79EFBC}") = "gb_map_converter", "gb_map_converter\gb_map_converter.csproj", "{5D950015-68E8-478C-A901-C491FFBEB107}"
EndProject
Global
	GlobalSection(SolutionConfigurationPlatforms) = preSolution
		Debug|Any CPU = Debug|Any CPU
		Release|Any CPU = Release|Any CPU
	EndGlobalSection
	GlobalSection(ProjectConfigurationPlatforms) = postSolution
		{5D950015-68E8-478C-A901-C491FFBEB107}.Debug|Any CPU.ActiveCfg = Debug|Any CPU
		{5D950015-68E8-478C-A901-C491FFBEB107}.Debug|Any CPU.Build.0 = Debug|Any CPU
		{5D950015-68E8-478C-A901-C491FFBEB107}.Release|Any CPU.ActiveCfg = Release|Any CPU
		{5D950015-68E8-478C-A901-C491FFBEB107}.Release|Any CPU.Build.0 = Release|Any CPU
	EndGlobalSection
	GlobalSection(SolutionProperties) = preSolution
		HideSolutionNode = FALSE
	EndGlobalSection
	GlobalSection(ExtensibilityGlobals) = postSolution
		SolutionGuid = {18EFD43B-7E0E-4A4F-964E-A92E1D53E9B9}
	EndGlobalSection
EndGlobal
